{
  "name": "sfcode",
  "version": "1.0.0",
  "lockfileVersion": 1,
  "requires": true,
  "dependencies": {
    "ihjs": {
      "version": "1.2.8",
      "resolved": "https://registry.npmjs.org/ihjs/-/ihjs-1.2.8.tgz",
      "integrity": "sha512-mzXMxnEkxBgeFDRyWPqY5UkF3qjz8h3EntIQ2ynqFQx326vyKi4j3i7vhft+L4PYIOh+HKvtkmb3yMoW3svk5w==",
      "dev": true
    },
    "monaco-editor": {
      "version": "0.18.1",
      "resolved": "https://registry.npmjs.org/monaco-editor/-/monaco-editor-0.18.1.tgz",
      "integrity": "sha512-fmL+RFZ2Hrezy+X/5ZczQW51LUmvzfcqOurnkCIRFTyjdVjzR7JvENzI6+VKBJzJdPh6EYL4RoWl92b2Hrk9fw==",
      "dev": true
    }
  }
}
