{
  "name": "sfcode",
  "version": "1.0.0",
  "lockfileVersion": 1,
  "requires": true,
  "dependencies": {
    "ihjs": {
      "version": "1.3.0",
      "resolved": "https://registry.npmjs.org/ihjs/-/ihjs-1.3.0.tgz",
      "integrity": "sha512-lGwH+FrJEIMiE8J8t3ciN9gsZJqQ6xB49mJ4DhBaqs4U1ryeVI4Ug5R1V+4u5714GC7WDyiCwwF+mfvP6xKgBQ==",
      "dev": true
    },
    "monaco-editor": {
      "version": "0.18.1",
      "resolved": "https://registry.npmjs.org/monaco-editor/-/monaco-editor-0.18.1.tgz",
      "integrity": "sha512-fmL+RFZ2Hrezy+X/5ZczQW51LUmvzfcqOurnkCIRFTyjdVjzR7JvENzI6+VKBJzJdPh6EYL4RoWl92b2Hrk9fw==",
      "dev": true
    }
  }
}
