{
  "requires": true,
  "lockfileVersion": 1,
  "dependencies": {
    "ihjs": {
      "version": "1.2.6",
      "resolved": "https://registry.npmjs.org/ihjs/-/ihjs-1.2.6.tgz",
      "integrity": "sha512-KKkkxvnKwQdXwv6tHZQkFYKLdit2FFRTC7lBKdjTUHvzW+ntbnIFHiPKtmiW8UbZKtESeZkU7Mco2G122kz4og=="
    },
    "monaco-editor": {
      "version": "0.18.1",
      "resolved": "https://registry.npmjs.org/monaco-editor/-/monaco-editor-0.18.1.tgz",
      "integrity": "sha512-fmL+RFZ2Hrezy+X/5ZczQW51LUmvzfcqOurnkCIRFTyjdVjzR7JvENzI6+VKBJzJdPh6EYL4RoWl92b2Hrk9fw=="
    }
  }
}
